<Solution>
  <Folder Name="/configs/">
    <File Path=".gitignore" />
    <File Path=".gitlab-ci.yml" />
    <File Path="Directory.Build.props" />
    <File Path="Directory.Packages.props" />
    <File Path="README.md" />
  </Folder>
  <Project Path="Playwright.TestCore\SkbKontur.Playwright.TestCore.csproj" Type="Classic C#" />
  <Project Path="POM.Abstractions\SkbKontur.POM.Abstractions.csproj" />
</Solution>